
Microsoft Visual Studio Solution File, Format Version 12.00
# Visual Studio Version 16
VisualStudioVersion = 16.0.29926.136
MinimumVisualStudioVersion = 10.0.40219.1
Project("{FAE04EC0-301F-11D3-BF4B-00C04F79EFBC}") = "Calculator", "Calculator\Calculator.csproj", "{6F4B871B-8A44-4A8C-A5B7-94429E2A0CAE}"
EndProject
Project("{54435603-DBB4-11D2-8724-00A0C9A8B90C}") = "Devtm_cal", "Devtm_cal\Devtm_cal.vdproj", "{4ACFA85F-AA75-4FD6-804F-B8115E8DBD79}"
EndProject
Global
	GlobalSection(SolutionConfigurationPlatforms) = preSolution
		Debug|Any CPU = Debug|Any CPU
		Release|Any CPU = Release|Any CPU
	EndGlobalSection
	GlobalSection(ProjectConfigurationPlatforms) = postSolution
		{6F4B871B-8A44-4A8C-A5B7-94429E2A0CAE}.Debug|Any CPU.ActiveCfg = Release|Any CPU
		{6F4B871B-8A44-4A8C-A5B7-94429E2A0CAE}.Debug|Any CPU.Build.0 = Release|Any CPU
		{6F4B871B-8A44-4A8C-A5B7-94429E2A0CAE}.Release|Any CPU.ActiveCfg = Release|Any CPU
		{6F4B871B-8A44-4A8C-A5B7-94429E2A0CAE}.Release|Any CPU.Build.0 = Release|Any CPU
		{4ACFA85F-AA75-4FD6-804F-B8115E8DBD79}.Debug|Any CPU.ActiveCfg = Debug
		{4ACFA85F-AA75-4FD6-804F-B8115E8DBD79}.Release|Any CPU.ActiveCfg = Release
	EndGlobalSection
	GlobalSection(SolutionProperties) = preSolution
		HideSolutionNode = FALSE
	EndGlobalSection
	GlobalSection(ExtensibilityGlobals) = postSolution
		SolutionGuid = {0CD35FAE-58E9-49E0-BCF7-052D93314B68}
	EndGlobalSection
EndGlobal
